
Microsoft Visual Studio Solution File, Format Version 12.00
# Visual Studio Version 17
VisualStudioVersion = 17.8.34511.84
MinimumVisualStudioVersion = 10.0.40219.1
Project("{9A19103F-16F7-4668-BE54-9A1E7A4F7556}") = "PasswordCrackerMaster2004", "PasswordCrackerMaster2004\PasswordCrackerMaster2004.csproj", "{635F6722-2458-4C06-8FD4-3910EF9943C7}"
EndProject
Project("{9A19103F-16F7-4668-BE54-9A1E7A4F7556}") = "PasswordCrackerSlave2004", "..\PasswordCrackerSlave2004\PasswordCrackerSlave2004\PasswordCrackerSlave2004.csproj", "{5BB5B98F-25F1-4880-BA91-5CF766E8E4AC}"
EndProject
Global
	GlobalSection(SolutionConfigurationPlatforms) = preSolution
		Debug|Any CPU = Debug|Any CPU
		Release|Any CPU = Release|Any CPU
	EndGlobalSection
	GlobalSection(ProjectConfigurationPlatforms) = postSolution
		{635F6722-2458-4C06-8FD4-3910EF9943C7}.Debug|Any CPU.ActiveCfg = Debug|Any CPU
		{635F6722-2458-4C06-8FD4-3910EF9943C7}.Debug|Any CPU.Build.0 = Debug|Any CPU
		{635F6722-2458-4C06-8FD4-3910EF9943C7}.Release|Any CPU.ActiveCfg = Release|Any CPU
		{635F6722-2458-4C06-8FD4-3910EF9943C7}.Release|Any CPU.Build.0 = Release|Any CPU
		{5BB5B98F-25F1-4880-BA91-5CF766E8E4AC}.Debug|Any CPU.ActiveCfg = Debug|Any CPU
		{5BB5B98F-25F1-4880-BA91-5CF766E8E4AC}.Debug|Any CPU.Build.0 = Debug|Any CPU
		{5BB5B98F-25F1-4880-BA91-5CF766E8E4AC}.Release|Any CPU.ActiveCfg = Release|Any CPU
		{5BB5B98F-25F1-4880-BA91-5CF766E8E4AC}.Release|Any CPU.Build.0 = Release|Any CPU
	EndGlobalSection
	GlobalSection(SolutionProperties) = preSolution
		HideSolutionNode = FALSE
	EndGlobalSection
	GlobalSection(ExtensibilityGlobals) = postSolution
		SolutionGuid = {A12CB4BD-604D-4E67-9DD2-0D2757B97662}
	EndGlobalSection
EndGlobal
