
Microsoft Visual Studio Solution File, Format Version 12.00
# Visual Studio Version 17
VisualStudioVersion = 17.8.34511.84
MinimumVisualStudioVersion = 10.0.40219.1
Project("{FAE04EC0-301F-11D3-BF4B-00C04F79EFBC}") = "PasswordCrackerSlave2004", "PasswordCrackerSlave2004\PasswordCrackerSlave2004.csproj", "{21477717-C3C4-4C6E-A8A5-276A36254A5C}"
EndProject
Global
	GlobalSection(SolutionConfigurationPlatforms) = preSolution
		Debug|Any CPU = Debug|Any CPU
		Release|Any CPU = Release|Any CPU
	EndGlobalSection
	GlobalSection(ProjectConfigurationPlatforms) = postSolution
		{21477717-C3C4-4C6E-A8A5-276A36254A5C}.Debug|Any CPU.ActiveCfg = Debug|Any CPU
		{21477717-C3C4-4C6E-A8A5-276A36254A5C}.Debug|Any CPU.Build.0 = Debug|Any CPU
		{21477717-C3C4-4C6E-A8A5-276A36254A5C}.Release|Any CPU.ActiveCfg = Release|Any CPU
		{21477717-C3C4-4C6E-A8A5-276A36254A5C}.Release|Any CPU.Build.0 = Release|Any CPU
	EndGlobalSection
	GlobalSection(SolutionProperties) = preSolution
		HideSolutionNode = FALSE
	EndGlobalSection
	GlobalSection(ExtensibilityGlobals) = postSolution
		SolutionGuid = {A7224BD7-5D7C-42D2-9D13-8050560CD7A7}
	EndGlobalSection
EndGlobal
